
Microsoft Visual Studio Solution File, Format Version 12.00
# Visual Studio 15
VisualStudioVersion = 15.0.28307.705
MinimumVisualStudioVersion = 10.0.40219.1
Project("{FAE04EC0-301F-11D3-BF4B-00C04F79EFBC}") = "BARBER_MOVIL_2019.Android", "BARBER_MOVIL_2019\BARBER_MOVIL_2019.Android\BARBER_MOVIL_2019.Android.csproj", "{3126EAA3-0E0C-488C-A709-5EEE99C06BAA}"
EndProject
Project("{FAE04EC0-301F-11D3-BF4B-00C04F79EFBC}") = "BARBER_MOVIL_2019.iOS", "BARBER_MOVIL_2019\BARBER_MOVIL_2019.iOS\BARBER_MOVIL_2019.iOS.csproj", "{67403107-90D8-46CC-8CDC-EFD1519AB494}"
EndProject
Project("{FAE04EC0-301F-11D3-BF4B-00C04F79EFBC}") = "BARBER_MOVIL_2019", "BARBER_MOVIL_2019\BARBER_MOVIL_2019\BARBER_MOVIL_2019.csproj", "{20206C6D-80C3-4465-A180-CC275AED179E}"
EndProject
Global
	GlobalSection(SolutionConfigurationPlatforms) = preSolution
		Ad-Hoc|Any CPU = Ad-Hoc|Any CPU
		Ad-Hoc|iPhone = Ad-Hoc|iPhone
		Ad-Hoc|iPhoneSimulator = Ad-Hoc|iPhoneSimulator
		AppStore|Any CPU = AppStore|Any CPU
		AppStore|iPhone = AppStore|iPhone
		AppStore|iPhoneSimulator = AppStore|iPhoneSimulator
		Debug|Any CPU = Debug|Any CPU
		Debug|iPhone = Debug|iPhone
		Debug|iPhoneSimulator = Debug|iPhoneSimulator
		Release|Any CPU = Release|Any CPU
		Release|iPhone = Release|iPhone
		Release|iPhoneSimulator = Release|iPhoneSimulator
	EndGlobalSection
	GlobalSection(ProjectConfigurationPlatforms) = postSolution
		{3126EAA3-0E0C-488C-A709-5EEE99C06BAA}.Ad-Hoc|Any CPU.ActiveCfg = Release|Any CPU
		{3126EAA3-0E0C-488C-A709-5EEE99C06BAA}.Ad-Hoc|Any CPU.Build.0 = Release|Any CPU
		{3126EAA3-0E0C-488C-A709-5EEE99C06BAA}.Ad-Hoc|Any CPU.Deploy.0 = Release|Any CPU
		{3126EAA3-0E0C-488C-A709-5EEE99C06BAA}.Ad-Hoc|iPhone.ActiveCfg = Release|Any CPU
		{3126EAA3-0E0C-488C-A709-5EEE99C06BAA}.Ad-Hoc|iPhone.Build.0 = Release|Any CPU
		{3126EAA3-0E0C-488C-A709-5EEE99C06BAA}.Ad-Hoc|iPhone.Deploy.0 = Release|Any CPU
		{3126EAA3-0E0C-488C-A709-5EEE99C06BAA}.Ad-Hoc|iPhoneSimulator.ActiveCfg = Release|Any CPU
		{3126EAA3-0E0C-488C-A709-5EEE99C06BAA}.Ad-Hoc|iPhoneSimulator.Build.0 = Release|Any CPU
		{3126EAA3-0E0C-488C-A709-5EEE99C06BAA}.Ad-Hoc|iPhoneSimulator.Deploy.0 = Release|Any CPU
		{3126EAA3-0E0C-488C-A709-5EEE99C06BAA}.AppStore|Any CPU.ActiveCfg = Release|Any CPU
		{3126EAA3-0E0C-488C-A709-5EEE99C06BAA}.AppStore|Any CPU.Build.0 = Release|Any CPU
		{3126EAA3-0E0C-488C-A709-5EEE99C06BAA}.AppStore|Any CPU.Deploy.0 = Release|Any CPU
		{3126EAA3-0E0C-488C-A709-5EEE99C06BAA}.AppStore|iPhone.ActiveCfg = Release|Any CPU
		{3126EAA3-0E0C-488C-A709-5EEE99C06BAA}.AppStore|iPhone.Build.0 = Release|Any CPU
		{3126EAA3-0E0C-488C-A709-5EEE99C06BAA}.AppStore|iPhone.Deploy.0 = Release|Any CPU
		{3126EAA3-0E0C-488C-A709-5EEE99C06BAA}.AppStore|iPhoneSimulator.ActiveCfg = Release|Any CPU
		{3126EAA3-0E0C-488C-A709-5EEE99C06BAA}.AppStore|iPhoneSimulator.Build.0 = Release|Any CPU
		{3126EAA3-0E0C-488C-A709-5EEE99C06BAA}.AppStore|iPhoneSimulator.Deploy.0 = Release|Any CPU
		{3126EAA3-0E0C-488C-A709-5EEE99C06BAA}.Debug|Any CPU.ActiveCfg = Debug|Any CPU
		{3126EAA3-0E0C-488C-A709-5EEE99C06BAA}.Debug|Any CPU.Build.0 = Debug|Any CPU
		{3126EAA3-0E0C-488C-A709-5EEE99C06BAA}.Debug|Any CPU.Deploy.0 = Debug|Any CPU
		{3126EAA3-0E0C-488C-A709-5EEE99C06BAA}.Debug|iPhone.ActiveCfg = Debug|Any CPU
		{3126EAA3-0E0C-488C-A709-5EEE99C06BAA}.Debug|iPhone.Build.0 = Debug|Any CPU
		{3126EAA3-0E0C-488C-A709-5EEE99C06BAA}.Debug|iPhone.Deploy.0 = Debug|Any CPU
		{3126EAA3-0E0C-488C-A709-5EEE99C06BAA}.Debug|iPhoneSimulator.ActiveCfg = Debug|Any CPU
		{3126EAA3-0E0C-488C-A709-5EEE99C06BAA}.Debug|iPhoneSimulator.Build.0 = Debug|Any CPU
		{3126EAA3-0E0C-488C-A709-5EEE99C06BAA}.Debug|iPhoneSimulator.Deploy.0 = Debug|Any CPU
		{3126EAA3-0E0C-488C-A709-5EEE99C06BAA}.Release|Any CPU.ActiveCfg = Release|Any CPU
		{3126EAA3-0E0C-488C-A709-5EEE99C06BAA}.Release|Any CPU.Build.0 = Release|Any CPU
		{3126EAA3-0E0C-488C-A709-5EEE99C06BAA}.Release|Any CPU.Deploy.0 = Release|Any CPU
		{3126EAA3-0E0C-488C-A709-5EEE99C06BAA}.Release|iPhone.ActiveCfg = Release|Any CPU
		{3126EAA3-0E0C-488C-A709-5EEE99C06BAA}.Release|iPhone.Build.0 = Release|Any CPU
		{3126EAA3-0E0C-488C-A709-5EEE99C06BAA}.Release|iPhone.Deploy.0 = Release|Any CPU
		{3126EAA3-0E0C-488C-A709-5EEE99C06BAA}.Release|iPhoneSimulator.ActiveCfg = Release|Any CPU
		{3126EAA3-0E0C-488C-A709-5EEE99C06BAA}.Release|iPhoneSimulator.Build.0 = Release|Any CPU
		{3126EAA3-0E0C-488C-A709-5EEE99C06BAA}.Release|iPhoneSimulator.Deploy.0 = Release|Any CPU
		{67403107-90D8-46CC-8CDC-EFD1519AB494}.Ad-Hoc|Any CPU.ActiveCfg = Ad-Hoc|iPhone
		{67403107-90D8-46CC-8CDC-EFD1519AB494}.Ad-Hoc|Any CPU.Build.0 = Ad-Hoc|iPhone
		{67403107-90D8-46CC-8CDC-EFD1519AB494}.Ad-Hoc|Any CPU.Deploy.0 = Ad-Hoc|iPhone
		{67403107-90D8-46CC-8CDC-EFD1519AB494}.Ad-Hoc|iPhone.ActiveCfg = Ad-Hoc|iPhone
		{67403107-90D8-46CC-8CDC-EFD1519AB494}.Ad-Hoc|iPhone.Build.0 = Ad-Hoc|iPhone
		{67403107-90D8-46CC-8CDC-EFD1519AB494}.Ad-Hoc|iPhone.Deploy.0 = Ad-Hoc|iPhone
		{67403107-90D8-46CC-8CDC-EFD1519AB494}.Ad-Hoc|iPhoneSimulator.ActiveCfg = Ad-Hoc|iPhoneSimulator
		{67403107-90D8-46CC-8CDC-EFD1519AB494}.Ad-Hoc|iPhoneSimulator.Build.0 = Ad-Hoc|iPhoneSimulator
		{67403107-90D8-46CC-8CDC-EFD1519AB494}.Ad-Hoc|iPhoneSimulator.Deploy.0 = Ad-Hoc|iPhoneSimulator
		{67403107-90D8-46CC-8CDC-EFD1519AB494}.AppStore|Any CPU.ActiveCfg = AppStore|iPhone
		{67403107-90D8-46CC-8CDC-EFD1519AB494}.AppStore|Any CPU.Build.0 = AppStore|iPhone
		{67403107-90D8-46CC-8CDC-EFD1519AB494}.AppStore|Any CPU.Deploy.0 = AppStore|iPhone
		{67403107-90D8-46CC-8CDC-EFD1519AB494}.AppStore|iPhone.ActiveCfg = AppStore|iPhone
		{67403107-90D8-46CC-8CDC-EFD1519AB494}.AppStore|iPhone.Build.0 = AppStore|iPhone
		{67403107-90D8-46CC-8CDC-EFD1519AB494}.AppStore|iPhone.Deploy.0 = AppStore|iPhone
		{67403107-90D8-46CC-8CDC-EFD1519AB494}.AppStore|iPhoneSimulator.ActiveCfg = AppStore|iPhoneSimulator
		{67403107-90D8-46CC-8CDC-EFD1519AB494}.AppStore|iPhoneSimulator.Build.0 = AppStore|iPhoneSimulator
		{67403107-90D8-46CC-8CDC-EFD1519AB494}.AppStore|iPhoneSimulator.Deploy.0 = AppStore|iPhoneSimulator
		{67403107-90D8-46CC-8CDC-EFD1519AB494}.Debug|Any CPU.ActiveCfg = Debug|iPhoneSimulator
		{67403107-90D8-46CC-8CDC-EFD1519AB494}.Debug|Any CPU.Build.0 = Debug|iPhoneSimulator
		{67403107-90D8-46CC-8CDC-EFD1519AB494}.Debug|Any CPU.Deploy.0 = Debug|iPhoneSimulator
		{67403107-90D8-46CC-8CDC-EFD1519AB494}.Debug|iPhone.ActiveCfg = Debug|iPhone
		{67403107-90D8-46CC-8CDC-EFD1519AB494}.Debug|iPhone.Build.0 = Debug|iPhone
		{67403107-90D8-46CC-8CDC-EFD1519AB494}.Debug|iPhone.Deploy.0 = Debug|iPhone
		{67403107-90D8-46CC-8CDC-EFD1519AB494}.Debug|iPhoneSimulator.ActiveCfg = Debug|iPhoneSimulator
		{67403107-90D8-46CC-8CDC-EFD1519AB494}.Debug|iPhoneSimulator.Build.0 = Debug|iPhoneSimulator
		{67403107-90D8-46CC-8CDC-EFD1519AB494}.Debug|iPhoneSimulator.Deploy.0 = Debug|iPhoneSimulator
		{67403107-90D8-46CC-8CDC-EFD1519AB494}.Release|Any CPU.ActiveCfg = Release|iPhone
		{67403107-90D8-46CC-8CDC-EFD1519AB494}.Release|Any CPU.Build.0 = Release|iPhone
		{67403107-90D8-46CC-8CDC-EFD1519AB494}.Release|Any CPU.Deploy.0 = Release|iPhone
		{67403107-90D8-46CC-8CDC-EFD1519AB494}.Release|iPhone.ActiveCfg = Release|iPhone
		{67403107-90D8-46CC-8CDC-EFD1519AB494}.Release|iPhone.Build.0 = Release|iPhone
		{67403107-90D8-46CC-8CDC-EFD1519AB494}.Release|iPhone.Deploy.0 = Release|iPhone
		{67403107-90D8-46CC-8CDC-EFD1519AB494}.Release|iPhoneSimulator.ActiveCfg = Release|iPhoneSimulator
		{67403107-90D8-46CC-8CDC-EFD1519AB494}.Release|iPhoneSimulator.Build.0 = Release|iPhoneSimulator
		{67403107-90D8-46CC-8CDC-EFD1519AB494}.Release|iPhoneSimulator.Deploy.0 = Release|iPhoneSimulator
		{20206C6D-80C3-4465-A180-CC275AED179E}.Ad-Hoc|Any CPU.ActiveCfg = Debug|Any CPU
		{20206C6D-80C3-4465-A180-CC275AED179E}.Ad-Hoc|Any CPU.Build.0 = Debug|Any CPU
		{20206C6D-80C3-4465-A180-CC275AED179E}.Ad-Hoc|Any CPU.Deploy.0 = Debug|Any CPU
		{20206C6D-80C3-4465-A180-CC275AED179E}.Ad-Hoc|iPhone.ActiveCfg = Debug|Any CPU
		{20206C6D-80C3-4465-A180-CC275AED179E}.Ad-Hoc|iPhone.Build.0 = Debug|Any CPU
		{20206C6D-80C3-4465-A180-CC275AED179E}.Ad-Hoc|iPhone.Deploy.0 = Debug|Any CPU
		{20206C6D-80C3-4465-A180-CC275AED179E}.Ad-Hoc|iPhoneSimulator.ActiveCfg = Debug|Any CPU
		{20206C6D-80C3-4465-A180-CC275AED179E}.Ad-Hoc|iPhoneSimulator.Build.0 = Debug|Any CPU
		{20206C6D-80C3-4465-A180-CC275AED179E}.Ad-Hoc|iPhoneSimulator.Deploy.0 = Debug|Any CPU
		{20206C6D-80C3-4465-A180-CC275AED179E}.AppStore|Any CPU.ActiveCfg = Debug|Any CPU
		{20206C6D-80C3-4465-A180-CC275AED179E}.AppStore|Any CPU.Build.0 = Debug|Any CPU
		{20206C6D-80C3-4465-A180-CC275AED179E}.AppStore|Any CPU.Deploy.0 = Debug|Any CPU
		{20206C6D-80C3-4465-A180-CC275AED179E}.AppStore|iPhone.ActiveCfg = Debug|Any CPU
		{20206C6D-80C3-4465-A180-CC275AED179E}.AppStore|iPhone.Build.0 = Debug|Any CPU
		{20206C6D-80C3-4465-A180-CC275AED179E}.AppStore|iPhone.Deploy.0 = Debug|Any CPU
		{20206C6D-80C3-4465-A180-CC275AED179E}.AppStore|iPhoneSimulator.ActiveCfg = Debug|Any CPU
		{20206C6D-80C3-4465-A180-CC275AED179E}.AppStore|iPhoneSimulator.Build.0 = Debug|Any CPU
		{20206C6D-80C3-4465-A180-CC275AED179E}.AppStore|iPhoneSimulator.Deploy.0 = Debug|Any CPU
		{20206C6D-80C3-4465-A180-CC275AED179E}.Debug|Any CPU.ActiveCfg = Debug|Any CPU
		{20206C6D-80C3-4465-A180-CC275AED179E}.Debug|Any CPU.Build.0 = Debug|Any CPU
		{20206C6D-80C3-4465-A180-CC275AED179E}.Debug|Any CPU.Deploy.0 = Debug|Any CPU
		{20206C6D-80C3-4465-A180-CC275AED179E}.Debug|iPhone.ActiveCfg = Debug|Any CPU
		{20206C6D-80C3-4465-A180-CC275AED179E}.Debug|iPhone.Build.0 = Debug|Any CPU
		{20206C6D-80C3-4465-A180-CC275AED179E}.Debug|iPhone.Deploy.0 = Debug|Any CPU
		{20206C6D-80C3-4465-A180-CC275AED179E}.Debug|iPhoneSimulator.ActiveCfg = Debug|Any CPU
		{20206C6D-80C3-4465-A180-CC275AED179E}.Debug|iPhoneSimulator.Build.0 = Debug|Any CPU
		{20206C6D-80C3-4465-A180-CC275AED179E}.Debug|iPhoneSimulator.Deploy.0 = Debug|Any CPU
		{20206C6D-80C3-4465-A180-CC275AED179E}.Release|Any CPU.ActiveCfg = Release|Any CPU
		{20206C6D-80C3-4465-A180-CC275AED179E}.Release|Any CPU.Build.0 = Release|Any CPU
		{20206C6D-80C3-4465-A180-CC275AED179E}.Release|Any CPU.Deploy.0 = Release|Any CPU
		{20206C6D-80C3-4465-A180-CC275AED179E}.Release|iPhone.ActiveCfg = Release|Any CPU
		{20206C6D-80C3-4465-A180-CC275AED179E}.Release|iPhone.Build.0 = Release|Any CPU
		{20206C6D-80C3-4465-A180-CC275AED179E}.Release|iPhone.Deploy.0 = Release|Any CPU
		{20206C6D-80C3-4465-A180-CC275AED179E}.Release|iPhoneSimulator.ActiveCfg = Release|Any CPU
		{20206C6D-80C3-4465-A180-CC275AED179E}.Release|iPhoneSimulator.Build.0 = Release|Any CPU
		{20206C6D-80C3-4465-A180-CC275AED179E}.Release|iPhoneSimulator.Deploy.0 = Release|Any CPU
	EndGlobalSection
	GlobalSection(SolutionProperties) = preSolution
		HideSolutionNode = FALSE
	EndGlobalSection
	GlobalSection(ExtensibilityGlobals) = postSolution
		SolutionGuid = {31520B3D-7173-43DC-B6DF-16C4051E4F43}
	EndGlobalSection
EndGlobal
